
Microsoft Visual Studio Solution File, Format Version 12.00
# Visual Studio 15
VisualStudioVersion = 15.0.27703.2047
MinimumVisualStudioVersion = 10.0.40219.1
Project("{8BC9CEB8-8B4A-11D0-8D11-00A0C91BC942}") = "CrashTest", "CrashTest.vcxproj", "{C1965858-0250-4BB6-B8D2-4C8D1AA3F02E}"
EndProject
Global
	GlobalSection(SolutionConfigurationPlatforms) = preSolution
		Debug|x86 = Debug|x86
		Release|x86 = Release|x86
	EndGlobalSection
	GlobalSection(ProjectConfigurationPlatforms) = postSolution
		{C1965858-0250-4BB6-B8D2-4C8D1AA3F02E}.Debug|x86.ActiveCfg = Debug|Win32
		{C1965858-0250-4BB6-B8D2-4C8D1AA3F02E}.Debug|x86.Build.0 = Debug|Win32
		{C1965858-0250-4BB6-B8D2-4C8D1AA3F02E}.Release|x86.ActiveCfg = Release|Win32
		{C1965858-0250-4BB6-B8D2-4C8D1AA3F02E}.Release|x86.Build.0 = Release|Win32
	EndGlobalSection
	GlobalSection(SolutionProperties) = preSolution
		HideSolutionNode = FALSE
	EndGlobalSection
	GlobalSection(ExtensibilityGlobals) = postSolution
		SolutionGuid = {A6C135CA-6F93-45C3-B60F-0473E8671C8E}
	EndGlobalSection
EndGlobal
